
Microsoft Visual Studio Solution File, Format Version 12.00
# Visual Studio 15
VisualStudioVersion = 15.0.28307.1684
MinimumVisualStudioVersion = 10.0.40219.1
Project("{8BC9CEB8-8B4A-11D0-8D11-00A0C91BC942}") = "Lab_2", "Lab_2\Lab_2.vcxproj", "{A7D77022-FB32-4D60-8811-D5650BF6212E}"
EndProject
Global
	GlobalSection(SolutionConfigurationPlatforms) = preSolution
		Debug|x64 = Debug|x64
		Debug|x86 = Debug|x86
		Release|x64 = Release|x64
		Release|x86 = Release|x86
	EndGlobalSection
	GlobalSection(ProjectConfigurationPlatforms) = postSolution
		{A7D77022-FB32-4D60-8811-D5650BF6212E}.Debug|x64.ActiveCfg = Debug|x64
		{A7D77022-FB32-4D60-8811-D5650BF6212E}.Debug|x64.Build.0 = Debug|x64
		{A7D77022-FB32-4D60-8811-D5650BF6212E}.Debug|x86.ActiveCfg = Debug|Win32
		{A7D77022-FB32-4D60-8811-D5650BF6212E}.Debug|x86.Build.0 = Debug|Win32
		{A7D77022-FB32-4D60-8811-D5650BF6212E}.Release|x64.ActiveCfg = Release|x64
		{A7D77022-FB32-4D60-8811-D5650BF6212E}.Release|x64.Build.0 = Release|x64
		{A7D77022-FB32-4D60-8811-D5650BF6212E}.Release|x86.ActiveCfg = Release|Win32
		{A7D77022-FB32-4D60-8811-D5650BF6212E}.Release|x86.Build.0 = Release|Win32
	EndGlobalSection
	GlobalSection(SolutionProperties) = preSolution
		HideSolutionNode = FALSE
	EndGlobalSection
	GlobalSection(ExtensibilityGlobals) = postSolution
		SolutionGuid = {13CA9D6E-82C8-4A67-AA69-552A53114E1F}
	EndGlobalSection
EndGlobal
